
Microsoft Visual Studio Solution File, Format Version 12.00
# Visual Studio Version 16
VisualStudioVersion = 16.0.31605.320
MinimumVisualStudioVersion = 10.0.40219.1
Project("{FAE04EC0-301F-11D3-BF4B-00C04F79EFBC}") = "MultipleListenPort", "MultipleListenPort\MultipleListenPort.csproj", "{1D96E318-3B1F-4C8F-9B8D-DBB41A32986B}"
EndProject
Global
	GlobalSection(SolutionConfigurationPlatforms) = preSolution
		Debug|Any CPU = Debug|Any CPU
		Release|Any CPU = Release|Any CPU
	EndGlobalSection
	GlobalSection(ProjectConfigurationPlatforms) = postSolution
		{1D96E318-3B1F-4C8F-9B8D-DBB41A32986B}.Debug|Any CPU.ActiveCfg = Debug|Any CPU
		{1D96E318-3B1F-4C8F-9B8D-DBB41A32986B}.Debug|Any CPU.Build.0 = Debug|Any CPU
		{1D96E318-3B1F-4C8F-9B8D-DBB41A32986B}.Release|Any CPU.ActiveCfg = Release|Any CPU
		{1D96E318-3B1F-4C8F-9B8D-DBB41A32986B}.Release|Any CPU.Build.0 = Release|Any CPU
	EndGlobalSection
	GlobalSection(SolutionProperties) = preSolution
		HideSolutionNode = FALSE
	EndGlobalSection
	GlobalSection(ExtensibilityGlobals) = postSolution
		SolutionGuid = {A87EED66-BD8F-41E1-BE32-056F34F5FF93}
	EndGlobalSection
EndGlobal
